github.com/sanddorn/hugo-tailwind-cookbook v0.0.0-20250410152916-c5d4553fbea1 h1:dLu6HWxYzOWkeA+pK4THsLPWJqIfN1WLYP/6i11BsM8=
github.com/sanddorn/hugo-tailwind-cookbook v0.0.0-20250410152916-c5d4553fbea1/go.mod h1:tJL33IJn0YkxfISUTOsfrQERGQE1BaCwvTGNfJ+zeIg=
github.com/sanddorn/hugo-tailwind-cookbook v0.0.0-20250416165144-c57459d515e5 h1:dpK+XLZKe6x2sTAlkzPN37SLzBkbzYS6F1ok+fAO1NI=
github.com/sanddorn/hugo-tailwind-cookbook v0.0.0-20250416165144-c57459d515e5/go.mod h1:tJL33IJn0YkxfISUTOsfrQERGQE1BaCwvTGNfJ+zeIg=
